
Microsoft Visual Studio Solution File, Format Version 12.00
# Visual Studio Version 16
VisualStudioVersion = 16.0.29215.179
MinimumVisualStudioVersion = 10.0.40219.1
Project("{FAE04EC0-301F-11D3-BF4B-00C04F79EFBC}") = "LogicGates2", "LogicGates2\LogicGates2.csproj", "{BF2E7A83-BE31-453C-A4FD-106739E478B4}"
EndProject
Global
	GlobalSection(SolutionConfigurationPlatforms) = preSolution
		Debug|Any CPU = Debug|Any CPU
		Release|Any CPU = Release|Any CPU
	EndGlobalSection
	GlobalSection(ProjectConfigurationPlatforms) = postSolution
		{BF2E7A83-BE31-453C-A4FD-106739E478B4}.Debug|Any CPU.ActiveCfg = Debug|Any CPU
		{BF2E7A83-BE31-453C-A4FD-106739E478B4}.Debug|Any CPU.Build.0 = Debug|Any CPU
		{BF2E7A83-BE31-453C-A4FD-106739E478B4}.Release|Any CPU.ActiveCfg = Release|Any CPU
		{BF2E7A83-BE31-453C-A4FD-106739E478B4}.Release|Any CPU.Build.0 = Release|Any CPU
	EndGlobalSection
	GlobalSection(SolutionProperties) = preSolution
		HideSolutionNode = FALSE
	EndGlobalSection
	GlobalSection(ExtensibilityGlobals) = postSolution
		SolutionGuid = {8F6C2049-E217-42C7-9830-EFA3E85D9074}
	EndGlobalSection
EndGlobal
